Microsoft Visual Studio Solution File, Format Version 12.00
# Visual Studio Version 17
VisualStudioVersion = 17.0.31903.59
MinimumVisualStudioVersion = 10.0.40219.1
Project("{2150E333-8FDC-42A3-9474-1A3956D46DE8}") = "src", "src", "{D11CEB37-64A1-5032-981A-DAE53EC332DC}"
EndProject
Project("{2150E333-8FDC-42A3-9474-1A3956D46DE8}") = "tests", "tests", "{5D52F7C6-C8EB-509F-9183-5C0633787CA4}"
EndProject
Project("{9A19103F-16F7-4668-BE54-9A1E7A4F7556}") = "IGBZ.Domain", "src\IGBZ.Domain\IGBZ.Domain.csproj", "{9AD05C67-747A-5068-9783-E1FD9849DA67}"
EndProject
Project("{9A19103F-16F7-4668-BE54-9A1E7A4F7556}") = "IGBZ.Application", "src\IGBZ.Application\IGBZ.Application.csproj", "{6CC64202-2000-5F74-AC01-81C6739AA139}"
EndProject
Project("{9A19103F-16F7-4668-BE54-9A1E7A4F7556}") = "IGBZ.Infrastructure", "src\IGBZ.Infrastructure\IGBZ.Infrastructure.csproj", "{A5306F1A-0726-551F-B911-46BDC9038109}"
EndProject
Project("{9A19103F-16F7-4668-BE54-9A1E7A4F7556}") = "IGBZ.Api", "src\IGBZ.Api\IGBZ.Api.csproj", "{7FDDCA79-9E85-5F41-813B-328F4CA284F6}"
EndProject
Project("{9A19103F-16F7-4668-BE54-9A1E7A4F7556}") = "IGBZ.Domain.Tests", "tests\IGBZ.Domain.Tests\IGBZ.Domain.Tests.csproj", "{F3C36505-DDE9-5911-AF51-78B97FE761F0}"
EndProject
Project("{9A19103F-16F7-4668-BE54-9A1E7A4F7556}") = "IGBZ.Application.Tests", "tests\IGBZ.Application.Tests\IGBZ.Application.Tests.csproj", "{0BC79FE6-D7A9-5EC0-A59D-9518815844CE}"
EndProject
Global
	GlobalSection(SolutionConfigurationPlatforms) = preSolution
		Debug|Any CPU = Debug|Any CPU
		Release|Any CPU = Release|Any CPU
	EndGlobalSection
	GlobalSection(ProjectConfigurationPlatforms) = postSolution
		{9AD05C67-747A-5068-9783-E1FD9849DA67}.Debug|Any CPU.ActiveCfg = Debug|Any CPU
		{9AD05C67-747A-5068-9783-E1FD9849DA67}.Debug|Any CPU.Build.0 = Debug|Any CPU
		{9AD05C67-747A-5068-9783-E1FD9849DA67}.Release|Any CPU.ActiveCfg = Release|Any CPU
		{9AD05C67-747A-5068-9783-E1FD9849DA67}.Release|Any CPU.Build.0 = Release|Any CPU
		{6CC64202-2000-5F74-AC01-81C6739AA139}.Debug|Any CPU.ActiveCfg = Debug|Any CPU
		{6CC64202-2000-5F74-AC01-81C6739AA139}.Debug|Any CPU.Build.0 = Debug|Any CPU
		{6CC64202-2000-5F74-AC01-81C6739AA139}.Release|Any CPU.ActiveCfg = Release|Any CPU
		{6CC64202-2000-5F74-AC01-81C6739AA139}.Release|Any CPU.Build.0 = Release|Any CPU
		{A5306F1A-0726-551F-B911-46BDC9038109}.Debug|Any CPU.ActiveCfg = Debug|Any CPU
		{A5306F1A-0726-551F-B911-46BDC9038109}.Debug|Any CPU.Build.0 = Debug|Any CPU
		{A5306F1A-0726-551F-B911-46BDC9038109}.Release|Any CPU.ActiveCfg = Release|Any CPU
		{A5306F1A-0726-551F-B911-46BDC9038109}.Release|Any CPU.Build.0 = Release|Any CPU
		{7FDDCA79-9E85-5F41-813B-328F4CA284F6}.Debug|Any CPU.ActiveCfg = Debug|Any CPU
		{7FDDCA79-9E85-5F41-813B-328F4CA284F6}.Debug|Any CPU.Build.0 = Debug|Any CPU
		{7FDDCA79-9E85-5F41-813B-328F4CA284F6}.Release|Any CPU.ActiveCfg = Release|Any CPU
		{7FDDCA79-9E85-5F41-813B-328F4CA284F6}.Release|Any CPU.Build.0 = Release|Any CPU
		{F3C36505-DDE9-5911-AF51-78B97FE761F0}.Debug|Any CPU.ActiveCfg = Debug|Any CPU
		{F3C36505-DDE9-5911-AF51-78B97FE761F0}.Debug|Any CPU.Build.0 = Debug|Any CPU
		{F3C36505-DDE9-5911-AF51-78B97FE761F0}.Release|Any CPU.ActiveCfg = Release|Any CPU
		{F3C36505-DDE9-5911-AF51-78B97FE761F0}.Release|Any CPU.Build.0 = Release|Any CPU
		{0BC79FE6-D7A9-5EC0-A59D-9518815844CE}.Debug|Any CPU.ActiveCfg = Debug|Any CPU
		{0BC79FE6-D7A9-5EC0-A59D-9518815844CE}.Debug|Any CPU.Build.0 = Debug|Any CPU
		{0BC79FE6-D7A9-5EC0-A59D-9518815844CE}.Release|Any CPU.ActiveCfg = Release|Any CPU
		{0BC79FE6-D7A9-5EC0-A59D-9518815844CE}.Release|Any CPU.Build.0 = Release|Any CPU
	EndGlobalSection
	GlobalSection(NestedProjects) = preSolution
		{9AD05C67-747A-5068-9783-E1FD9849DA67} = {D11CEB37-64A1-5032-981A-DAE53EC332DC}
		{6CC64202-2000-5F74-AC01-81C6739AA139} = {D11CEB37-64A1-5032-981A-DAE53EC332DC}
		{A5306F1A-0726-551F-B911-46BDC9038109} = {D11CEB37-64A1-5032-981A-DAE53EC332DC}
		{7FDDCA79-9E85-5F41-813B-328F4CA284F6} = {D11CEB37-64A1-5032-981A-DAE53EC332DC}
		{F3C36505-DDE9-5911-AF51-78B97FE761F0} = {5D52F7C6-C8EB-509F-9183-5C0633787CA4}
		{0BC79FE6-D7A9-5EC0-A59D-9518815844CE} = {5D52F7C6-C8EB-509F-9183-5C0633787CA4}
	EndGlobalSection
EndGlobal
